
Microsoft Visual Studio Solution File, Format Version 12.00
# Visual Studio Version 17
VisualStudioVersion = 17.11.35327.3
MinimumVisualStudioVersion = 10.0.40219.1
Project("{FAE04EC0-301F-11D3-BF4B-00C04F79EFBC}") = "WinFormsApp1", "WinFormsApp1\WinFormsApp1.csproj", "{FDA7B791-05DB-4DE5-9D8E-6D8F72FA2D4F}"
EndProject
Global
	GlobalSection(SolutionConfigurationPlatforms) = preSolution
		Debug|Any CPU = Debug|Any CPU
		Release|Any CPU = Release|Any CPU
	EndGlobalSection
	GlobalSection(ProjectConfigurationPlatforms) = postSolution
		{FDA7B791-05DB-4DE5-9D8E-6D8F72FA2D4F}.Debug|Any CPU.ActiveCfg = Debug|Any CPU
		{FDA7B791-05DB-4DE5-9D8E-6D8F72FA2D4F}.Debug|Any CPU.Build.0 = Debug|Any CPU
		{FDA7B791-05DB-4DE5-9D8E-6D8F72FA2D4F}.Release|Any CPU.ActiveCfg = Release|Any CPU
		{FDA7B791-05DB-4DE5-9D8E-6D8F72FA2D4F}.Release|Any CPU.Build.0 = Release|Any CPU
	EndGlobalSection
	GlobalSection(SolutionProperties) = preSolution
		HideSolutionNode = FALSE
	EndGlobalSection
	GlobalSection(ExtensibilityGlobals) = postSolution
		SolutionGuid = {CD29F269-66D7-440B-B752-C2AE8CAB1B11}
	EndGlobalSection
EndGlobal
